
Microsoft Visual Studio Solution File, Format Version 12.00
# Visual Studio Version 17
VisualStudioVersion = 17.10.35027.167
MinimumVisualStudioVersion = 10.0.40219.1
Project("{FAE04EC0-301F-11D3-BF4B-00C04F79EFBC}") = "HelloWorld", "HelloWorld\HelloWorld.csproj", "{68223E33-D7CD-4FC2-ABE6-3CBF56B04FFD}"
EndProject
Global
	GlobalSection(SolutionConfigurationPlatforms) = preSolution
		Debug|Any CPU = Debug|Any CPU
		Release|Any CPU = Release|Any CPU
	EndGlobalSection
	GlobalSection(ProjectConfigurationPlatforms) = postSolution
		{68223E33-D7CD-4FC2-ABE6-3CBF56B04FFD}.Debug|Any CPU.ActiveCfg = Debug|Any CPU
		{68223E33-D7CD-4FC2-ABE6-3CBF56B04FFD}.Debug|Any CPU.Build.0 = Debug|Any CPU
		{68223E33-D7CD-4FC2-ABE6-3CBF56B04FFD}.Release|Any CPU.ActiveCfg = Release|Any CPU
		{68223E33-D7CD-4FC2-ABE6-3CBF56B04FFD}.Release|Any CPU.Build.0 = Release|Any CPU
	EndGlobalSection
	GlobalSection(SolutionProperties) = preSolution
		HideSolutionNode = FALSE
	EndGlobalSection
	GlobalSection(ExtensibilityGlobals) = postSolution
		SolutionGuid = {3E7A6BED-BDDB-4B8C-BBB2-5E383F28A6CF}
	EndGlobalSection
EndGlobal
